uuid: 421ed225-971c-4a92-91e7-41bd70859c1c
langcode: en
status: true
dependencies:
  config:
    - views.view.teammate_handbook_menu_tree
  module:
    - block_visibility_groups
    - system
    - views
  theme:
    - brookstone_olivero
id: brookstone_olivero_views_block__handbook_menu_tree_block
theme: brookstone_olivero
region: sidebar
weight: -14
provider: null
plugin: 'views_block:teammate_handbook_menu_tree-block_1'
settings:
  id: 'views_block:teammate_handbook_menu_tree-block_1'
  label: ''
  label_display: visible
  provider: views
  views_label: ''
  items_per_page: none
  exposed: {  }
visibility:
  condition_group:
    id: condition_group
    negate: false
    block_visibility_group: ''
  request_path:
    id: request_path
    negate: false
    pages: "/teammates/handbook\r\n/teammates/handbook/*"
